// !$*UTF8*$!
{
	archiveVersion = 1;
	classes = {
	};
	objectVersion = 50;
	objects = {

/* Begin PBXBuildFile section */
		120227C4221E3D57008D9B3D /* AppDelegate.swift in Sources */ = {isa = PBXBuildFile; fileRef = 120227C3221E3D57008D9B3D /* AppDelegate.swift */; };
		120227C6221E3D57008D9B3D /* ViewController.swift in Sources */ = {isa = PBXBuildFile; fileRef = 120227C5221E3D57008D9B3D /* ViewController.swift */; };
		120227C9221E3D57008D9B3D /* Main.storyboard in Resources */ = {isa = PBXBuildFile; fileRef = 120227C7221E3D57008D9B3D /* Main.storyboard */; };
		120227CB221E3D58008D9B3D /* Assets.xcassets in Resources */ = {isa = PBXBuildFile; fileRef = 120227CA221E3D58008D9B3D /* Assets.xcassets */; };
		120227CE221E3D58008D9B3D /* LaunchScreen.storyboard in Resources */ = {isa = PBXBuildFile; fileRef = 120227CC221E3D58008D9B3D /* LaunchScreen.storyboard */; };
		120227D6221E3E79008D9B3D /* Cell.swift in Sources */ = {isa = PBXBuildFile; fileRef = 120227D5221E3E79008D9B3D /* Cell.swift */; };
/* End PBXBuildFile section */

/* Begin PBXFileReference section */
		120227C0221E3D57008D9B3D /* DynamicWidthCollectionViewCell.app */ = {isa = PBXFileReference; explicitFileType = wrapper.application; includeInIndex = 0; path = DynamicWidthCollectionViewCell.app; sourceTree = BUILT_PRODUCTS_DIR; };
		120227C3221E3D57008D9B3D /* AppDelegate.swift */ = {isa = PBXFileReference; lastKnownFileType = sourcecode.swift; path = AppDelegate.swift; sourceTree = "<group>"; };
		120227C5221E3D57008D9B3D /* ViewController.swift */ = {isa = PBXFileReference; lastKnownFileType = sourcecode.swift; path = ViewController.swift; sourceTree = "<group>"; };
		120227C8221E3D57008D9B3D /* Base */ = {isa = PBXFileReference; lastKnownFileType = file.storyboard; name = Base; path = Base.lproj/Main.storyboard; sourceTree = "<group>"; };
		120227CA221E3D58008D9B3D /* Assets.xcassets */ = {isa = PBXFileReference; lastKnownFileType = folder.assetcatalog; path = Assets.xcassets; sourceTree = "<group>"; };
		120227CD221E3D58008D9B3D /* Base */ = {isa = PBXFileReference; lastKnownFileType = file.storyboard; name = Base; path = Base.lproj/LaunchScreen.storyboard; sourceTree = "<group>"; };
		120227CF221E3D58008D9B3D /* Info.plist */ = {isa = PBXFileReference; lastKnownFileType = text.plist.xml; path = Info.plist; sourceTree = "<group>"; };
		120227D5221E3E79008D9B3D /* Cell.swift */ = {isa = PBXFileReference; lastKnownFileType = sourcecode.swift; path = Cell.swift; sourceTree = "<group>"; };
/* End PBXFileReference section */

/* Begin PBXFrameworksBuildPhase section */
		120227BD221E3D57008D9B3D /* Frameworks */ = {
			isa = PBXFrameworksBuildPhase;
			buildActionMask = 2147483647;
			files = (
			);
			runOnlyForDeploymentPostprocessing = 0;
		};
/* End PBXFrameworksBuildPhase section */

/* Begin PBXGroup section */
		120227B7221E3D57008D9B3D = {
			isa = PBXGroup;
			children = (
				120227C2221E3D57008D9B3D /* DynamicWidthCollectionViewCell */,
				120227C1221E3D57008D9B3D /* Products */,
			);
			sourceTree = "<group>";
		};
		120227C1221E3D57008D9B3D /* Products */ = {
			isa = PBXGroup;
			children = (
				120227C0221E3D57008D9B3D /* DynamicWidthCollectionViewCell.app */,
			);
			name = Products;
			sourceTree = "<group>";
		};
		120227C2221E3D57008D9B3D /* DynamicWidthCollectionViewCell */ = {
			isa = PBXGroup;
			children = (
				120227C3221E3D57008D9B3D /* AppDelegate.swift */,
				120227C5221E3D57008D9B3D /* ViewController.swift */,
				120227C7221E3D57008D9B3D /* Main.storyboard */,
				120227CA221E3D58008D9B3D /* Assets.xcassets */,
				120227CC221E3D58008D9B3D /* LaunchScreen.storyboard */,
				120227CF221E3D58008D9B3D /* Info.plist */,
				120227D5221E3E79008D9B3D /* Cell.swift */,
			);
			path = DynamicWidthCollectionViewCell;
			sourceTree = "<group>";
		};
/* End PBXGroup section */

/* Begin PBXNativeTarget section */
		120227BF221E3D57008D9B3D /* DynamicWidthCollectionViewCell */ = {
			isa = PBXNativeTarget;
			buildConfigurationList = 120227D2221E3D58008D9B3D /* Build configuration list for PBXNativeTarget "DynamicWidthCollectionViewCell" */;
			buildPhases = (
				120227BC221E3D57008D9B3D /* Sources */,
				120227BD221E3D57008D9B3D /* Frameworks */,
				120227BE221E3D57008D9B3D /* Resources */,
			);
			buildRules = (
			);
			dependencies = (
			);
			name = DynamicWidthCollectionViewCell;
			productName = DynamicWidthCollectionViewCell;
			productReference = 120227C0221E3D57008D9B3D /* DynamicWidthCollectionViewCell.app */;
			productType = "com.apple.product-type.application";
		};
/* End PBXNativeTarget section */

/* Begin PBXProject section */
		120227B8221E3D57008D9B3D /* Project object */ = {
			isa = PBXProject;
			attributes = {
				LastSwiftUpdateCheck = 1010;
				LastUpgradeCheck = 1010;
				ORGANIZATIONNAME = "Josh R";
				TargetAttributes = {
					120227BF221E3D57008D9B3D = {
						CreatedOnToolsVersion = 10.1;
					};
				};
			};
			buildConfigurationList = 120227BB221E3D57008D9B3D /* Build configuration list for PBXProject "DynamicWidthCollectionViewCell" */;
			compatibilityVersion = "Xcode 9.3";
			developmentRegion = en;
			hasScannedForEncodings = 0;
			knownRegions = (
				en,
				Base,
			);
			mainGroup = 120227B7221E3D57008D9B3D;
			productRefGroup = 120227C1221E3D57008D9B3D /* Products */;
			projectDirPath = "";
			projectRoot = "";
			targets = (
				120227BF221E3D57008D9B3D /* DynamicWidthCollectionViewCell */,
			);
		};
/* End PBXProject section */

/* Begin PBXResourcesBuildPhase section */
		120227BE221E3D57008D9B3D /* Resources */ = {
			isa = PBXResourcesBuildPhase;
			buildActionMask = 2147483647;
			files = (
				120227CE221E3D58008D9B3D /* LaunchScreen.storyboard in Resources */,
				120227CB221E3D58008D9B3D /* Assets.xcassets in Resources */,
				120227C9221E3D57008D9B3D /* Main.storyboard in Resources */,
			);
			runOnlyForDeploymentPostprocessing = 0;
		};
/* End PBXResourcesBuildPhase section */

/* Begin PBXSourcesBuildPhase section */
		120227BC221E3D57008D9B3D /* Sources */ = {
			isa = PBXSourcesBuildPhase;
			buildActionMask = 2147483647;
			files = (
				120227C6221E3D57008D9B3D /* ViewController.swift in Sources */,
				120227C4221E3D57008D9B3D /* AppDelegate.swift in Sources */,
				120227D6221E3E79008D9B3D /* Cell.swift in Sources */,
			);
			runOnlyForDeploymentPostprocessing = 0;
		};
/* End PBXSourcesBuildPhase section */

/* Begin PBXVariantGroup section */
		120227C7221E3D57008D9B3D /* Main.storyboard */ = {
			isa = PBXVariantGroup;
			children = (
				120227C8221E3D57008D9B3D /* Base */,
			);
			name = Main.storyboard;
			sourceTree = "<group>";
		};
		120227CC221E3D58008D9B3D /* LaunchScreen.storyboard */ = {
			isa = PBXVariantGroup;
			children = (
				120227CD221E3D58008D9B3D /* Base */,
			);
			name = LaunchScreen.storyboard;
			sourceTree = "<group>";
		};
/* End PBXVariantGroup section */

/* Begin XCBuildConfiguration section */
		120227D0221E3D58008D9B3D /* Debug */ = {
			isa = XCBuildConfiguration;
			buildSettings = {
				ALWAYS_SEARCH_USER_PATHS = NO;
				CLANG_ANALYZER_NONNULL = YES;
				CLANG_ANALYZER_NUMBER_OBJECT_CONVERSION = YES_AGGRESSIVE;
				CLANG_CXX_LANGUAGE_STANDARD = "gnu++14";
				CLANG_CXX_LIBRARY = "libc++";
				CLANG_ENABLE_MODULES = YES;
				CLANG_ENABLE_OBJC_ARC = YES;
				CLANG_ENABLE_OBJC_WEAK = YES;
				CLANG_WARN_BLOCK_CAPTURE_AUTORELEASING = YES;
				CLANG_WARN_BOOL_CONVERSION = YES;
				CLANG_WARN_COMMA = YES;
				CLANG_WARN_CONSTANT_CONVERSION = YES;
				CLANG_WARN_DEPRECATED_OBJC_IMPLEMENTATIONS = YES;
				CLANG_WARN_DIRECT_OBJC_ISA_USAGE = YES_ERROR;
				CLANG_WARN_DOCUMENTATION_COMMENTS = YES;
				CLANG_WARN_EMPTY_BODY = YES;
				CLANG_WARN_ENUM_CONVERSION = YES;
				CLANG_WARN_INFINITE_RECURSION = YES;
				CLANG_WARN_INT_CONVERSION = YES;
				CLANG_WARN_NON_LITERAL_NULL_CONVERSION = YES;
				CLANG_WARN_OBJC_IMPLICIT_RETAIN_SELF = YES;
				CLANG_WARN_OBJC_LITERAL_CONVERSION = YES;
				CLANG_WARN_OBJC_ROOT_CLASS = YES_ERROR;
				CLANG_WARN_RANGE_LOOP_ANALYSIS = YES;
				CLANG_WARN_STRICT_PROTOTYPES = YES;
				CLANG_WARN_SUSPICIOUS_MOVE = YES;
				CLANG_WARN_UNGUARDED_AVAILABILITY = YES_AGGRESSIVE;
				CLANG_WARN_UNREACHABLE_CODE = YES;
				CLANG_WARN__DUPLICATE_METHOD_MATCH = YES;
				CODE_SIGN_IDENTITY = "iPhone Developer";
				COPY_PHASE_STRIP = NO;
				DEBUG_INFORMATION_FORMAT = dwarf;
				ENABLE_STRICT_OBJC_MSGSEND = YES;
				ENABLE_TESTABILITY = YES;
				GCC_C_LANGUAGE_STANDARD = gnu11;
				GCC_DYNAMIC_NO_PIC = NO;
				GCC_NO_COMMON_BLOCKS = YES;
				GCC_OPTIMIZATION_LEVEL = 0;
				GCC_PREPROCESSOR_DEFINITIONS = (
					"DEBUG=1",
					"$(inherited)",
				);
				GCC_WARN_64_TO_32_BIT_CONVERSION = YES;
				GCC_WARN_ABOUT_RETURN_TYPE = YES_ERROR;
				GCC_WARN_UNDECLARED_SELECTOR = YES;
				GCC_WARN_UNINITIALIZED_AUTOS = YES_AGGRESSIVE;
				GCC_WARN_UNUSED_FUNCTION = YES;
				GCC_WARN_UNUSED_VARIABLE = YES;
				IPHONEOS_DEPLOYMENT_TARGET = 12.1;
				MTL_ENABLE_DEBUG_INFO = INCLUDE_SOURCE;
				MTL_FAST_MATH = YES;
				ONLY_ACTIVE_ARCH = YES;
				SDKROOT = iphoneos;
				SWIFT_ACTIVE_COMPILATION_CONDITIONS = DEBUG;
				SWIFT_OPTIMIZATION_LEVEL = "-Onone";
			};
			name = Debug;
		};
		120227D1221E3D58008D9B3D /* Release */ = {
			isa = XCBuildConfiguration;
			buildSettings = {
				ALWAYS_SEARCH_USER_PATHS = NO;
				CLANG_ANALYZER_NONNULL = YES;
				CLANG_ANALYZER_NUMBER_OBJECT_CONVERSION = YES_AGGRESSIVE;
				CLANG_CXX_LANGUAGE_STANDARD = "gnu++14";
				CLANG_CXX_LIBRARY = "libc++";
				CLANG_ENABLE_MODULES = YES;
				CLANG_ENABLE_OBJC_ARC = YES;
				CLANG_ENABLE_OBJC_WEAK = YES;
				CLANG_WARN_BLOCK_CAPTURE_AUTORELEASING = YES;
				CLANG_WARN_BOOL_CONVERSION = YES;
				CLANG_WARN_COMMA = YES;
				CLANG_WARN_CONSTANT_CONVERSION = YES;
				CLANG_WARN_DEPRECATED_OBJC_IMPLEMENTATIONS = YES;
				CLANG_WARN_DIRECT_OBJC_ISA_USAGE = YES_ERROR;
				CLANG_WARN_DOCUMENTATION_COMMENTS = YES;
				CLANG_WARN_EMPTY_BODY = YES;
				CLANG_WARN_ENUM_CONVERSION = YES;
				CLANG_WARN_INFINITE_RECURSION = YES;
				CLANG_WARN_INT_CONVERSION = YES;
				CLANG_WARN_NON_LITERAL_NULL_CONVERSION = YES;
				CLANG_WARN_OBJC_IMPLICIT_RETAIN_SELF = YES;
				CLANG_WARN_OBJC_LITERAL_CONVERSION = YES;
				CLANG_WARN_OBJC_ROOT_CLASS = YES_ERROR;
				CLANG_WARN_RANGE_LOOP_ANALYSIS = YES;
				CLANG_WARN_STRICT_PROTOTYPES = YES;
				CLANG_WARN_SUSPICIOUS_MOVE = YES;
				CLANG_WARN_UNGUARDED_AVAILABILITY = YES_AGGRESSIVE;
				CLANG_WARN_UNREACHABLE_CODE = YES;
				CLANG_WARN__DUPLICATE_METHOD_MATCH = YES;
				CODE_SIGN_IDENTITY = "iPhone Developer";
				COPY_PHASE_STRIP = NO;
				DEBUG_INFORMATION_FORMAT = "dwarf-with-dsym";
				ENABLE_NS_ASSERTIONS = NO;
				ENABLE_STRICT_OBJC_MSGSEND = YES;
				GCC_C_LANGUAGE_STANDARD = gnu11;
				GCC_NO_COMMON_BLOCKS = YES;
				GCC_WARN_64_TO_32_BIT_CONVERSION = YES;
				GCC_WARN_ABOUT_RETURN_TYPE = YES_ERROR;
				GCC_WARN_UNDECLARED_SELECTOR = YES;
				GCC_WARN_UNINITIALIZED_AUTOS = YES_AGGRESSIVE;
				GCC_WARN_UNUSED_FUNCTION = YES;
				GCC_WARN_UNUSED_VARIABLE = YES;
				IPHONEOS_DEPLOYMENT_TARGET = 12.1;
				MTL_ENABLE_DEBUG_INFO = NO;
				MTL_FAST_MATH = YES;
				SDKROOT = iphoneos;
				SWIFT_COMPILATION_MODE = wholemodule;
				SWIFT_OPTIMIZATION_LEVEL = "-O";
				VALIDATE_PRODUCT = YES;
			};
			name = Release;
		};
		120227D3221E3D58008D9B3D /* Debug */ = {
			isa = XCBuildConfiguration;
			buildSettings = {
				ASSETCATALOG_COMPILER_APPICON_NAME = AppIcon;
				CODE_SIGN_STYLE = Automatic;
				DEVELOPMENT_TEAM = C66Y3DM74C;
				INFOPLIST_FILE = DynamicWidthCollectionViewCell/Info.plist;
				LD_RUNPATH_SEARCH_PATHS = (
					"$(inherited)",
					"@executable_path/Frameworks",
				);
				PRODUCT_BUNDLE_IDENTIFIER = com.joshr.DynamicWidthCollectionViewCell;
				PRODUCT_NAME = "$(TARGET_NAME)";
				SWIFT_VERSION = 4.2;
				TARGETED_DEVICE_FAMILY = "1,2";
			};
			name = Debug;
		};
		120227D4221E3D58008D9B3D /* Release */ = {
			isa = XCBuildConfiguration;
			buildSettings = {
				ASSETCATALOG_COMPILER_APPICON_NAME = AppIcon;
				CODE_SIGN_STYLE = Automatic;
				DEVELOPMENT_TEAM = C66Y3DM74C;
				INFOPLIST_FILE = DynamicWidthCollectionViewCell/Info.plist;
				LD_RUNPATH_SEARCH_PATHS = (
					"$(inherited)",
					"@executable_path/Frameworks",
				);
				PRODUCT_BUNDLE_IDENTIFIER = com.joshr.DynamicWidthCollectionViewCell;
				PRODUCT_NAME = "$(TARGET_NAME)";
				SWIFT_VERSION = 4.2;
				TARGETED_DEVICE_FAMILY = "1,2";
			};
			name = Release;
		};
/* End XCBuildConfiguration section */

/* Begin XCConfigurationList section */
		120227BB221E3D57008D9B3D /* Build configuration list for PBXProject "DynamicWidthCollectionViewCell" */ = {
			isa = XCConfigurationList;
			buildConfigurations = (
				120227D0221E3D58008D9B3D /* Debug */,
				120227D1221E3D58008D9B3D /* Release */,
			);
			defaultConfigurationIsVisible = 0;
			defaultConfigurationName = Release;
		};
		120227D2221E3D58008D9B3D /* Build configuration list for PBXNativeTarget "DynamicWidthCollectionViewCell" */ = {
			isa = XCConfigurationList;
			buildConfigurations = (
				120227D3221E3D58008D9B3D /* Debug */,
				120227D4221E3D58008D9B3D /* Release */,
			);
			defaultConfigurationIsVisible = 0;
			defaultConfigurationName = Release;
		};
/* End XCConfigurationList section */
	};
	rootObject = 120227B8221E3D57008D9B3D /* Project object */;
}
